
Microsoft Visual Studio Solution File, Format Version 12.00
# Visual Studio 15
VisualStudioVersion = 15.0.28010.2050
MinimumVisualStudioVersion = 10.0.40219.1
Project("{FAE04EC0-301F-11D3-BF4B-00C04F79EFBC}") = "01Result_Class_task", "Class task\01Result_Class_task.csproj", "{FC85DB55-3DBE-4ADA-9F67-3467362CFC25}"
EndProject
Global
	GlobalSection(SolutionConfigurationPlatforms) = preSolution
		Debug|Any CPU = Debug|Any CPU
		Release|Any CPU = Release|Any CPU
	EndGlobalSection
	GlobalSection(ProjectConfigurationPlatforms) = postSolution
		{FC85DB55-3DBE-4ADA-9F67-3467362CFC25}.Debug|Any CPU.ActiveCfg = Debug|Any CPU
		{FC85DB55-3DBE-4ADA-9F67-3467362CFC25}.Debug|Any CPU.Build.0 = Debug|Any CPU
		{FC85DB55-3DBE-4ADA-9F67-3467362CFC25}.Release|Any CPU.ActiveCfg = Release|Any CPU
		{FC85DB55-3DBE-4ADA-9F67-3467362CFC25}.Release|Any CPU.Build.0 = Release|Any CPU
	EndGlobalSection
	GlobalSection(SolutionProperties) = preSolution
		HideSolutionNode = FALSE
	EndGlobalSection
	GlobalSection(ExtensibilityGlobals) = postSolution
		SolutionGuid = {09E00623-B4FE-49B5-BC36-27123564D9ED}
	EndGlobalSection
EndGlobal
